
Microsoft Visual Studio Solution File, Format Version 12.00
# Visual Studio 2012
Project("{8BC9CEB8-8B4A-11D0-8D11-00A0C91BC942}") = "ClassTest", "ClassTest\ClassTest.vcxproj", "{B8851921-73EF-48F5-946A-AE8D13CD0ACA}"
EndProject
Global
	GlobalSection(SolutionConfigurationPlatforms) = preSolution
		Debug|Win32 = Debug|Win32
		Release|Win32 = Release|Win32
	EndGlobalSection
	GlobalSection(ProjectConfigurationPlatforms) = postSolution
		{B8851921-73EF-48F5-946A-AE8D13CD0ACA}.Debug|Win32.ActiveCfg = Debug|Win32
		{B8851921-73EF-48F5-946A-AE8D13CD0ACA}.Debug|Win32.Build.0 = Debug|Win32
		{B8851921-73EF-48F5-946A-AE8D13CD0ACA}.Release|Win32.ActiveCfg = Release|Win32
		{B8851921-73EF-48F5-946A-AE8D13CD0ACA}.Release|Win32.Build.0 = Release|Win32
	EndGlobalSection
	GlobalSection(SolutionProperties) = preSolution
		HideSolutionNode = FALSE
	EndGlobalSection
EndGlobal
